// !$*UTF8*$!
{
	archiveVersion = 1;
	classes = {
	};
	objectVersion = 56;
	objects = {

/* Begin PBXBuildFile section */
		8F02B3B42A5CC75D002C9137 /* MovieDetailTableViewController.swift in Sources */ = {isa = PBXBuildFile; fileRef = 8F02B3B32A5CC75D002C9137 /* MovieDetailTableViewController.swift */; };
		8F54F84D2A5C68CE00F4B1CB /* AppDelegate.swift in Sources */ = {isa = PBXBuildFile; fileRef = 8F54F84C2A5C68CE00F4B1CB /* AppDelegate.swift */; };
		8F54F8542A5C68CE00F4B1CB /* Main.storyboard in Resources */ = {isa = PBXBuildFile; fileRef = 8F54F8522A5C68CE00F4B1CB /* Main.storyboard */; };
		8F54F8562A5C68CF00F4B1CB /* Assets.xcassets in Resources */ = {isa = PBXBuildFile; fileRef = 8F54F8552A5C68CF00F4B1CB /* Assets.xcassets */; };
		8F54F8592A5C68CF00F4B1CB /* LaunchScreen.storyboard in Resources */ = {isa = PBXBuildFile; fileRef = 8F54F8572A5C68CF00F4B1CB /* LaunchScreen.storyboard */; };
		8F54F8642A5C68CF00F4B1CB /* TheMovieDBTests.swift in Sources */ = {isa = PBXBuildFile; fileRef = 8F54F8632A5C68CF00F4B1CB /* TheMovieDBTests.swift */; };
		8F54F86E2A5C68CF00F4B1CB /* TheMovieDBUITests.swift in Sources */ = {isa = PBXBuildFile; fileRef = 8F54F86D2A5C68CF00F4B1CB /* TheMovieDBUITests.swift */; };
		8F54F8702A5C68CF00F4B1CB /* TheMovieDBUITestsLaunchTests.swift in Sources */ = {isa = PBXBuildFile; fileRef = 8F54F86F2A5C68CF00F4B1CB /* TheMovieDBUITestsLaunchTests.swift */; };
		8F54F87D2A5C6C1E00F4B1CB /* MovieTableViewController.swift in Sources */ = {isa = PBXBuildFile; fileRef = 8F54F87C2A5C6C1E00F4B1CB /* MovieTableViewController.swift */; };
		8F54F8812A5C6F9000F4B1CB /* MovieFetcher.swift in Sources */ = {isa = PBXBuildFile; fileRef = 8F54F8802A5C6F9000F4B1CB /* MovieFetcher.swift */; };
		8F54F8832A5C88F700F4B1CB /* Util.swift in Sources */ = {isa = PBXBuildFile; fileRef = 8F54F8822A5C88F700F4B1CB /* Util.swift */; };
/* End PBXBuildFile section */

/* Begin PBXContainerItemProxy section */
		8F54F8602A5C68CF00F4B1CB /* PBXContainerItemProxy */ = {
			isa = PBXContainerItemProxy;
			containerPortal = 8F54F8412A5C68CE00F4B1CB /* Project object */;
			proxyType = 1;
			remoteGlobalIDString = 8F54F8482A5C68CE00F4B1CB;
			remoteInfo = TheMovieDB;
		};
		8F54F86A2A5C68CF00F4B1CB /* PBXContainerItemProxy */ = {
			isa = PBXContainerItemProxy;
			containerPortal = 8F54F8412A5C68CE00F4B1CB /* Project object */;
			proxyType = 1;
			remoteGlobalIDString = 8F54F8482A5C68CE00F4B1CB;
			remoteInfo = TheMovieDB;
		};
/* End PBXContainerItemProxy section */

/* Begin PBXFileReference section */
		8F02B3B32A5CC75D002C9137 /* MovieDetailTableViewController.swift */ = {isa = PBXFileReference; lastKnownFileType = sourcecode.swift; path = MovieDetailTableViewController.swift; sourceTree = "<group>"; };
		8F54F8492A5C68CE00F4B1CB /* TheMovieDB.app */ = {isa = PBXFileReference; explicitFileType = wrapper.application; includeInIndex = 0; path = TheMovieDB.app; sourceTree = BUILT_PRODUCTS_DIR; };
		8F54F84C2A5C68CE00F4B1CB /* AppDelegate.swift */ = {isa = PBXFileReference; lastKnownFileType = sourcecode.swift; path = AppDelegate.swift; sourceTree = "<group>"; };
		8F54F8532A5C68CE00F4B1CB /* Base */ = {isa = PBXFileReference; lastKnownFileType = file.storyboard; name = Base; path = Base.lproj/Main.storyboard; sourceTree = "<group>"; };
		8F54F8552A5C68CF00F4B1CB /* Assets.xcassets */ = {isa = PBXFileReference; lastKnownFileType = folder.assetcatalog; path = Assets.xcassets; sourceTree = "<group>"; };
		8F54F8582A5C68CF00F4B1CB /* Base */ = {isa = PBXFileReference; lastKnownFileType = file.storyboard; name = Base; path = Base.lproj/LaunchScreen.storyboard; sourceTree = "<group>"; };
		8F54F85A2A5C68CF00F4B1CB /* Info.plist */ = {isa = PBXFileReference; lastKnownFileType = text.plist.xml; path = Info.plist; sourceTree = "<group>"; };
		8F54F85F2A5C68CF00F4B1CB /* TheMovieDBTests.xctest */ = {isa = PBXFileReference; explicitFileType = wrapper.cfbundle; includeInIndex = 0; path = TheMovieDBTests.xctest; sourceTree = BUILT_PRODUCTS_DIR; };
		8F54F8632A5C68CF00F4B1CB /* TheMovieDBTests.swift */ = {isa = PBXFileReference; lastKnownFileType = sourcecode.swift; path = TheMovieDBTests.swift; sourceTree = "<group>"; };
		8F54F8692A5C68CF00F4B1CB /* TheMovieDBUITests.xctest */ = {isa = PBXFileReference; explicitFileType = wrapper.cfbundle; includeInIndex = 0; path = TheMovieDBUITests.xctest; sourceTree = BUILT_PRODUCTS_DIR; };
		8F54F86D2A5C68CF00F4B1CB /* TheMovieDBUITests.swift */ = {isa = PBXFileReference; lastKnownFileType = sourcecode.swift; path = TheMovieDBUITests.swift; sourceTree = "<group>"; };
		8F54F86F2A5C68CF00F4B1CB /* TheMovieDBUITestsLaunchTests.swift */ = {isa = PBXFileReference; lastKnownFileType = sourcecode.swift; path = TheMovieDBUITestsLaunchTests.swift; sourceTree = "<group>"; };
		8F54F87C2A5C6C1E00F4B1CB /* MovieTableViewController.swift */ = {isa = PBXFileReference; lastKnownFileType = sourcecode.swift; path = MovieTableViewController.swift; sourceTree = "<group>"; };
		8F54F8802A5C6F9000F4B1CB /* MovieFetcher.swift */ = {isa = PBXFileReference; lastKnownFileType = sourcecode.swift; path = MovieFetcher.swift; sourceTree = "<group>"; };
		8F54F8822A5C88F700F4B1CB /* Util.swift */ = {isa = PBXFileReference; lastKnownFileType = sourcecode.swift; path = Util.swift; sourceTree = "<group>"; };
/* End PBXFileReference section */

/* Begin PBXFrameworksBuildPhase section */
		8F54F8462A5C68CE00F4B1CB /* Frameworks */ = {
			isa = PBXFrameworksBuildPhase;
			buildActionMask = 2147483647;
			files = (
			);
			runOnlyForDeploymentPostprocessing = 0;
		};
		8F54F85C2A5C68CF00F4B1CB /* Frameworks */ = {
			isa = PBXFrameworksBuildPhase;
			buildActionMask = 2147483647;
			files = (
			);
			runOnlyForDeploymentPostprocessing = 0;
		};
		8F54F8662A5C68CF00F4B1CB /* Frameworks */ = {
			isa = PBXFrameworksBuildPhase;
			buildActionMask = 2147483647;
			files = (
			);
			runOnlyForDeploymentPostprocessing = 0;
		};
/* End PBXFrameworksBuildPhase section */

/* Begin PBXGroup section */
		8F54F8402A5C68CE00F4B1CB = {
			isa = PBXGroup;
			children = (
				8F54F84B2A5C68CE00F4B1CB /* TheMovieDB */,
				8F54F8622A5C68CF00F4B1CB /* TheMovieDBTests */,
				8F54F86C2A5C68CF00F4B1CB /* TheMovieDBUITests */,
				8F54F84A2A5C68CE00F4B1CB /* Products */,
			);
			sourceTree = "<group>";
		};
		8F54F84A2A5C68CE00F4B1CB /* Products */ = {
			isa = PBXGroup;
			children = (
				8F54F8492A5C68CE00F4B1CB /* TheMovieDB.app */,
				8F54F85F2A5C68CF00F4B1CB /* TheMovieDBTests.xctest */,
				8F54F8692A5C68CF00F4B1CB /* TheMovieDBUITests.xctest */,
			);
			name = Products;
			sourceTree = "<group>";
		};
		8F54F84B2A5C68CE00F4B1CB /* TheMovieDB */ = {
			isa = PBXGroup;
			children = (
				8F54F84C2A5C68CE00F4B1CB /* AppDelegate.swift */,
				8F54F8522A5C68CE00F4B1CB /* Main.storyboard */,
				8F54F87C2A5C6C1E00F4B1CB /* MovieTableViewController.swift */,
				8F02B3B32A5CC75D002C9137 /* MovieDetailTableViewController.swift */,
				8F54F8802A5C6F9000F4B1CB /* MovieFetcher.swift */,
				8F54F8822A5C88F700F4B1CB /* Util.swift */,
				8F54F8552A5C68CF00F4B1CB /* Assets.xcassets */,
				8F54F8572A5C68CF00F4B1CB /* LaunchScreen.storyboard */,
				8F54F85A2A5C68CF00F4B1CB /* Info.plist */,
			);
			path = TheMovieDB;
			sourceTree = "<group>";
		};
		8F54F8622A5C68CF00F4B1CB /* TheMovieDBTests */ = {
			isa = PBXGroup;
			children = (
				8F54F8632A5C68CF00F4B1CB /* TheMovieDBTests.swift */,
			);
			path = TheMovieDBTests;
			sourceTree = "<group>";
		};
		8F54F86C2A5C68CF00F4B1CB /* TheMovieDBUITests */ = {
			isa = PBXGroup;
			children = (
				8F54F86D2A5C68CF00F4B1CB /* TheMovieDBUITests.swift */,
				8F54F86F2A5C68CF00F4B1CB /* TheMovieDBUITestsLaunchTests.swift */,
			);
			path = TheMovieDBUITests;
			sourceTree = "<group>";
		};
/* End PBXGroup section */

/* Begin PBXNativeTarget section */
		8F54F8482A5C68CE00F4B1CB /* TheMovieDB */ = {
			isa = PBXNativeTarget;
			buildConfigurationList = 8F54F8732A5C68CF00F4B1CB /* Build configuration list for PBXNativeTarget "TheMovieDB" */;
			buildPhases = (
				8F54F8452A5C68CE00F4B1CB /* Sources */,
				8F54F8462A5C68CE00F4B1CB /* Frameworks */,
				8F54F8472A5C68CE00F4B1CB /* Resources */,
			);
			buildRules = (
			);
			dependencies = (
			);
			name = TheMovieDB;
			productName = TheMovieDB;
			productReference = 8F54F8492A5C68CE00F4B1CB /* TheMovieDB.app */;
			productType = "com.apple.product-type.application";
		};
		8F54F85E2A5C68CF00F4B1CB /* TheMovieDBTests */ = {
			isa = PBXNativeTarget;
			buildConfigurationList = 8F54F8762A5C68CF00F4B1CB /* Build configuration list for PBXNativeTarget "TheMovieDBTests" */;
			buildPhases = (
				8F54F85B2A5C68CF00F4B1CB /* Sources */,
				8F54F85C2A5C68CF00F4B1CB /* Frameworks */,
				8F54F85D2A5C68CF00F4B1CB /* Resources */,
			);
			buildRules = (
			);
			dependencies = (
				8F54F8612A5C68CF00F4B1CB /* PBXTargetDependency */,
			);
			name = TheMovieDBTests;
			productName = TheMovieDBTests;
			productReference = 8F54F85F2A5C68CF00F4B1CB /* TheMovieDBTests.xctest */;
			productType = "com.apple.product-type.bundle.unit-test";
		};
		8F54F8682A5C68CF00F4B1CB /* TheMovieDBUITests */ = {
			isa = PBXNativeTarget;
			buildConfigurationList = 8F54F8792A5C68CF00F4B1CB /* Build configuration list for PBXNativeTarget "TheMovieDBUITests" */;
			buildPhases = (
				8F54F8652A5C68CF00F4B1CB /* Sources */,
				8F54F8662A5C68CF00F4B1CB /* Frameworks */,
				8F54F8672A5C68CF00F4B1CB /* Resources */,
			);
			buildRules = (
			);
			dependencies = (
				8F54F86B2A5C68CF00F4B1CB /* PBXTargetDependency */,
			);
			name = TheMovieDBUITests;
			productName = TheMovieDBUITests;
			productReference = 8F54F8692A5C68CF00F4B1CB /* TheMovieDBUITests.xctest */;
			productType = "com.apple.product-type.bundle.ui-testing";
		};
/* End PBXNativeTarget section */

/* Begin PBXProject section */
		8F54F8412A5C68CE00F4B1CB /* Project object */ = {
			isa = PBXProject;
			attributes = {
				BuildIndependentTargetsInParallel = 1;
				LastSwiftUpdateCheck = 1430;
				LastUpgradeCheck = 1430;
				TargetAttributes = {
					8F54F8482A5C68CE00F4B1CB = {
						CreatedOnToolsVersion = 14.3;
					};
					8F54F85E2A5C68CF00F4B1CB = {
						CreatedOnToolsVersion = 14.3;
						TestTargetID = 8F54F8482A5C68CE00F4B1CB;
					};
					8F54F8682A5C68CF00F4B1CB = {
						CreatedOnToolsVersion = 14.3;
						TestTargetID = 8F54F8482A5C68CE00F4B1CB;
					};
				};
			};
			buildConfigurationList = 8F54F8442A5C68CE00F4B1CB /* Build configuration list for PBXProject "TheMovieDB" */;
			compatibilityVersion = "Xcode 14.0";
			developmentRegion = en;
			hasScannedForEncodings = 0;
			knownRegions = (
				en,
				Base,
			);
			mainGroup = 8F54F8402A5C68CE00F4B1CB;
			productRefGroup = 8F54F84A2A5C68CE00F4B1CB /* Products */;
			projectDirPath = "";
			projectRoot = "";
			targets = (
				8F54F8482A5C68CE00F4B1CB /* TheMovieDB */,
				8F54F85E2A5C68CF00F4B1CB /* TheMovieDBTests */,
				8F54F8682A5C68CF00F4B1CB /* TheMovieDBUITests */,
			);
		};
/* End PBXProject section */

/* Begin PBXResourcesBuildPhase section */
		8F54F8472A5C68CE00F4B1CB /* Resources */ = {
			isa = PBXResourcesBuildPhase;
			buildActionMask = 2147483647;
			files = (
				8F54F8592A5C68CF00F4B1CB /* LaunchScreen.storyboard in Resources */,
				8F54F8562A5C68CF00F4B1CB /* Assets.xcassets in Resources */,
				8F54F8542A5C68CE00F4B1CB /* Main.storyboard in Resources */,
			);
			runOnlyForDeploymentPostprocessing = 0;
		};
		8F54F85D2A5C68CF00F4B1CB /* Resources */ = {
			isa = PBXResourcesBuildPhase;
			buildActionMask = 2147483647;
			files = (
			);
			runOnlyForDeploymentPostprocessing = 0;
		};
		8F54F8672A5C68CF00F4B1CB /* Resources */ = {
			isa = PBXResourcesBuildPhase;
			buildActionMask = 2147483647;
			files = (
			);
			runOnlyForDeploymentPostprocessing = 0;
		};
/* End PBXResourcesBuildPhase section */

/* Begin PBXSourcesBuildPhase section */
		8F54F8452A5C68CE00F4B1CB /* Sources */ = {
			isa = PBXSourcesBuildPhase;
			buildActionMask = 2147483647;
			files = (
				8F54F8812A5C6F9000F4B1CB /* MovieFetcher.swift in Sources */,
				8F54F87D2A5C6C1E00F4B1CB /* MovieTableViewController.swift in Sources */,
				8F02B3B42A5CC75D002C9137 /* MovieDetailTableViewController.swift in Sources */,
				8F54F84D2A5C68CE00F4B1CB /* AppDelegate.swift in Sources */,
				8F54F8832A5C88F700F4B1CB /* Util.swift in Sources */,
			);
			runOnlyForDeploymentPostprocessing = 0;
		};
		8F54F85B2A5C68CF00F4B1CB /* Sources */ = {
			isa = PBXSourcesBuildPhase;
			buildActionMask = 2147483647;
			files = (
				8F54F8642A5C68CF00F4B1CB /* TheMovieDBTests.swift in Sources */,
			);
			runOnlyForDeploymentPostprocessing = 0;
		};
		8F54F8652A5C68CF00F4B1CB /* Sources */ = {
			isa = PBXSourcesBuildPhase;
			buildActionMask = 2147483647;
			files = (
				8F54F86E2A5C68CF00F4B1CB /* TheMovieDBUITests.swift in Sources */,
				8F54F8702A5C68CF00F4B1CB /* TheMovieDBUITestsLaunchTests.swift in Sources */,
			);
			runOnlyForDeploymentPostprocessing = 0;
		};
/* End PBXSourcesBuildPhase section */

/* Begin PBXTargetDependency section */
		8F54F8612A5C68CF00F4B1CB /* PBXTargetDependency */ = {
			isa = PBXTargetDependency;
			target = 8F54F8482A5C68CE00F4B1CB /* TheMovieDB */;
			targetProxy = 8F54F8602A5C68CF00F4B1CB /* PBXContainerItemProxy */;
		};
		8F54F86B2A5C68CF00F4B1CB /* PBXTargetDependency */ = {
			isa = PBXTargetDependency;
			target = 8F54F8482A5C68CE00F4B1CB /* TheMovieDB */;
			targetProxy = 8F54F86A2A5C68CF00F4B1CB /* PBXContainerItemProxy */;
		};
/* End PBXTargetDependency section */

/* Begin PBXVariantGroup section */
		8F54F8522A5C68CE00F4B1CB /* Main.storyboard */ = {
			isa = PBXVariantGroup;
			children = (
				8F54F8532A5C68CE00F4B1CB /* Base */,
			);
			name = Main.storyboard;
			sourceTree = "<group>";
		};
		8F54F8572A5C68CF00F4B1CB /* LaunchScreen.storyboard */ = {
			isa = PBXVariantGroup;
			children = (
				8F54F8582A5C68CF00F4B1CB /* Base */,
			);
			name = LaunchScreen.storyboard;
			sourceTree = "<group>";
		};
/* End PBXVariantGroup section */

/* Begin XCBuildConfiguration section */
		8F54F8712A5C68CF00F4B1CB /* Debug */ = {
			isa = XCBuildConfiguration;
			buildSettings = {
				ALWAYS_SEARCH_USER_PATHS = NO;
				CLANG_ANALYZER_NONNULL = YES;
				CLANG_ANALYZER_NUMBER_OBJECT_CONVERSION = YES_AGGRESSIVE;
				CLANG_CXX_LANGUAGE_STANDARD = "gnu++20";
				CLANG_ENABLE_MODULES = YES;
				CLANG_ENABLE_OBJC_ARC = YES;
				CLANG_ENABLE_OBJC_WEAK = YES;
				CLANG_WARN_BLOCK_CAPTURE_AUTORELEASING = YES;
				CLANG_WARN_BOOL_CONVERSION = YES;
				CLANG_WARN_COMMA = YES;
				CLANG_WARN_CONSTANT_CONVERSION = YES;
				CLANG_WARN_DEPRECATED_OBJC_IMPLEMENTATIONS = YES;
				CLANG_WARN_DIRECT_OBJC_ISA_USAGE = YES_ERROR;
				CLANG_WARN_DOCUMENTATION_COMMENTS = YES;
				CLANG_WARN_EMPTY_BODY = YES;
				CLANG_WARN_ENUM_CONVERSION = YES;
				CLANG_WARN_INFINITE_RECURSION = YES;
				CLANG_WARN_INT_CONVERSION = YES;
				CLANG_WARN_NON_LITERAL_NULL_CONVERSION = YES;
				CLANG_WARN_OBJC_IMPLICIT_RETAIN_SELF = YES;
				CLANG_WARN_OBJC_LITERAL_CONVERSION = YES;
				CLANG_WARN_OBJC_ROOT_CLASS = YES_ERROR;
				CLANG_WARN_QUOTED_INCLUDE_IN_FRAMEWORK_HEADER = YES;
				CLANG_WARN_RANGE_LOOP_ANALYSIS = YES;
				CLANG_WARN_STRICT_PROTOTYPES = YES;
				CLANG_WARN_SUSPICIOUS_MOVE = YES;
				CLANG_WARN_UNGUARDED_AVAILABILITY = YES_AGGRESSIVE;
				CLANG_WARN_UNREACHABLE_CODE = YES;
				CLANG_WARN__DUPLICATE_METHOD_MATCH = YES;
				COPY_PHASE_STRIP = NO;
				DEBUG_INFORMATION_FORMAT = dwarf;
				ENABLE_STRICT_OBJC_MSGSEND = YES;
				ENABLE_TESTABILITY = YES;
				GCC_C_LANGUAGE_STANDARD = gnu11;
				GCC_DYNAMIC_NO_PIC = NO;
				GCC_NO_COMMON_BLOCKS = YES;
				GCC_OPTIMIZATION_LEVEL = 0;
				GCC_PREPROCESSOR_DEFINITIONS = (
					"DEBUG=1",
					"$(inherited)",
				);
				GCC_WARN_64_TO_32_BIT_CONVERSION = YES;
				GCC_WARN_ABOUT_RETURN_TYPE = YES_ERROR;
				GCC_WARN_UNDECLARED_SELECTOR = YES;
				GCC_WARN_UNINITIALIZED_AUTOS = YES_AGGRESSIVE;
				GCC_WARN_UNUSED_FUNCTION = YES;
				GCC_WARN_UNUSED_VARIABLE = YES;
				IPHONEOS_DEPLOYMENT_TARGET = 16.4;
				MTL_ENABLE_DEBUG_INFO = INCLUDE_SOURCE;
				MTL_FAST_MATH = YES;
				ONLY_ACTIVE_ARCH = YES;
				SDKROOT = iphoneos;
				SWIFT_ACTIVE_COMPILATION_CONDITIONS = DEBUG;
				SWIFT_OPTIMIZATION_LEVEL = "-Onone";
			};
			name = Debug;
		};
		8F54F8722A5C68CF00F4B1CB /* Release */ = {
			isa = XCBuildConfiguration;
			buildSettings = {
				ALWAYS_SEARCH_USER_PATHS = NO;
				CLANG_ANALYZER_NONNULL = YES;
				CLANG_ANALYZER_NUMBER_OBJECT_CONVERSION = YES_AGGRESSIVE;
				CLANG_CXX_LANGUAGE_STANDARD = "gnu++20";
				CLANG_ENABLE_MODULES = YES;
				CLANG_ENABLE_OBJC_ARC = YES;
				CLANG_ENABLE_OBJC_WEAK = YES;
				CLANG_WARN_BLOCK_CAPTURE_AUTORELEASING = YES;
				CLANG_WARN_BOOL_CONVERSION = YES;
				CLANG_WARN_COMMA = YES;
				CLANG_WARN_CONSTANT_CONVERSION = YES;
				CLANG_WARN_DEPRECATED_OBJC_IMPLEMENTATIONS = YES;
				CLANG_WARN_DIRECT_OBJC_ISA_USAGE = YES_ERROR;
				CLANG_WARN_DOCUMENTATION_COMMENTS = YES;
				CLANG_WARN_EMPTY_BODY = YES;
				CLANG_WARN_ENUM_CONVERSION = YES;
				CLANG_WARN_INFINITE_RECURSION = YES;
				CLANG_WARN_INT_CONVERSION = YES;
				CLANG_WARN_NON_LITERAL_NULL_CONVERSION = YES;
				CLANG_WARN_OBJC_IMPLICIT_RETAIN_SELF = YES;
				CLANG_WARN_OBJC_LITERAL_CONVERSION = YES;
				CLANG_WARN_OBJC_ROOT_CLASS = YES_ERROR;
				CLANG_WARN_QUOTED_INCLUDE_IN_FRAMEWORK_HEADER = YES;
				CLANG_WARN_RANGE_LOOP_ANALYSIS = YES;
				CLANG_WARN_STRICT_PROTOTYPES = YES;
				CLANG_WARN_SUSPICIOUS_MOVE = YES;
				CLANG_WARN_UNGUARDED_AVAILABILITY = YES_AGGRESSIVE;
				CLANG_WARN_UNREACHABLE_CODE = YES;
				CLANG_WARN__DUPLICATE_METHOD_MATCH = YES;
				COPY_PHASE_STRIP = NO;
				DEBUG_INFORMATION_FORMAT = "dwarf-with-dsym";
				ENABLE_NS_ASSERTIONS = NO;
				ENABLE_STRICT_OBJC_MSGSEND = YES;
				GCC_C_LANGUAGE_STANDARD = gnu11;
				GCC_NO_COMMON_BLOCKS = YES;
				GCC_WARN_64_TO_32_BIT_CONVERSION = YES;
				GCC_WARN_ABOUT_RETURN_TYPE = YES_ERROR;
				GCC_WARN_UNDECLARED_SELECTOR = YES;
				GCC_WARN_UNINITIALIZED_AUTOS = YES_AGGRESSIVE;
				GCC_WARN_UNUSED_FUNCTION = YES;
				GCC_WARN_UNUSED_VARIABLE = YES;
				IPHONEOS_DEPLOYMENT_TARGET = 16.4;
				MTL_ENABLE_DEBUG_INFO = NO;
				MTL_FAST_MATH = YES;
				SDKROOT = iphoneos;
				SWIFT_COMPILATION_MODE = wholemodule;
				SWIFT_OPTIMIZATION_LEVEL = "-O";
				VALIDATE_PRODUCT = YES;
			};
			name = Release;
		};
		8F54F8742A5C68CF00F4B1CB /* Debug */ = {
			isa = XCBuildConfiguration;
			buildSettings = {
				ASSETCATALOG_COMPILER_APPICON_NAME = AppIcon;
				ASSETCATALOG_COMPILER_GLOBAL_ACCENT_COLOR_NAME = AccentColor;
				CODE_SIGN_STYLE = Automatic;
				CURRENT_PROJECT_VERSION = 1;
				DEVELOPMENT_TEAM = C3ZDRNN77Q;
				GENERATE_INFOPLIST_FILE = YES;
				INFOPLIST_FILE = TheMovieDB/Info.plist;
				INFOPLIST_KEY_UIApplicationSupportsIndirectInputEvents = YES;
				INFOPLIST_KEY_UILaunchStoryboardName = LaunchScreen;
				INFOPLIST_KEY_UIMainStoryboardFile = Main;
				INFOPLIST_KEY_UISupportedInterfaceOrientations_iPad = "UIInterfaceOrientationPortrait UIInterfaceOrientationPortraitUpsideDown UIInterfaceOrientationLandscapeLeft UIInterfaceOrientationLandscapeRight";
				INFOPLIST_KEY_UISupportedInterfaceOrientations_iPhone = "UIInterfaceOrientationPortrait UIInterfaceOrientationLandscapeLeft UIInterfaceOrientationLandscapeRight";
				LD_RUNPATH_SEARCH_PATHS = (
					"$(inherited)",
					"@executable_path/Frameworks",
				);
				MARKETING_VERSION = 1.0;
				PRODUCT_BUNDLE_IDENTIFIER = com.kylejohnson.TheMovieDB;
				PRODUCT_NAME = "$(TARGET_NAME)";
				SWIFT_EMIT_LOC_STRINGS = YES;
				SWIFT_VERSION = 5.0;
				TARGETED_DEVICE_FAMILY = "1,2";
			};
			name = Debug;
		};
		8F54F8752A5C68CF00F4B1CB /* Release */ = {
			isa = XCBuildConfiguration;
			buildSettings = {
				ASSETCATALOG_COMPILER_APPICON_NAME = AppIcon;
				ASSETCATALOG_COMPILER_GLOBAL_ACCENT_COLOR_NAME = AccentColor;
				CODE_SIGN_STYLE = Automatic;
				CURRENT_PROJECT_VERSION = 1;
				DEVELOPMENT_TEAM = C3ZDRNN77Q;
				GENERATE_INFOPLIST_FILE = YES;
				INFOPLIST_FILE = TheMovieDB/Info.plist;
				INFOPLIST_KEY_UIApplicationSupportsIndirectInputEvents = YES;
				INFOPLIST_KEY_UILaunchStoryboardName = LaunchScreen;
				INFOPLIST_KEY_UIMainStoryboardFile = Main;
				INFOPLIST_KEY_UISupportedInterfaceOrientations_iPad = "UIInterfaceOrientationPortrait UIInterfaceOrientationPortraitUpsideDown UIInterfaceOrientationLandscapeLeft UIInterfaceOrientationLandscapeRight";
				INFOPLIST_KEY_UISupportedInterfaceOrientations_iPhone = "UIInterfaceOrientationPortrait UIInterfaceOrientationLandscapeLeft UIInterfaceOrientationLandscapeRight";
				LD_RUNPATH_SEARCH_PATHS = (
					"$(inherited)",
					"@executable_path/Frameworks",
				);
				MARKETING_VERSION = 1.0;
				PRODUCT_BUNDLE_IDENTIFIER = com.kylejohnson.TheMovieDB;
				PRODUCT_NAME = "$(TARGET_NAME)";
				SWIFT_EMIT_LOC_STRINGS = YES;
				SWIFT_VERSION = 5.0;
				TARGETED_DEVICE_FAMILY = "1,2";
			};
			name = Release;
		};
		8F54F8772A5C68CF00F4B1CB /* Debug */ = {
			isa = XCBuildConfiguration;
			buildSettings = {
				ALWAYS_EMBED_SWIFT_STANDARD_LIBRARIES = YES;
				BUNDLE_LOADER = "$(TEST_HOST)";
				CODE_SIGN_STYLE = Automatic;
				CURRENT_PROJECT_VERSION = 1;
				DEVELOPMENT_TEAM = C3ZDRNN77Q;
				GENERATE_INFOPLIST_FILE = YES;
				IPHONEOS_DEPLOYMENT_TARGET = 16.4;
				MARKETING_VERSION = 1.0;
				PRODUCT_BUNDLE_IDENTIFIER = com.kylejohnson.TheMovieDBTests;
				PRODUCT_NAME = "$(TARGET_NAME)";
				SWIFT_EMIT_LOC_STRINGS = NO;
				SWIFT_VERSION = 5.0;
				TARGETED_DEVICE_FAMILY = "1,2";
				TEST_HOST = "$(BUILT_PRODUCTS_DIR)/TheMovieDB.app/$(BUNDLE_EXECUTABLE_FOLDER_PATH)/TheMovieDB";
			};
			name = Debug;
		};
		8F54F8782A5C68CF00F4B1CB /* Release */ = {
			isa = XCBuildConfiguration;
			buildSettings = {
				ALWAYS_EMBED_SWIFT_STANDARD_LIBRARIES = YES;
				BUNDLE_LOADER = "$(TEST_HOST)";
				CODE_SIGN_STYLE = Automatic;
				CURRENT_PROJECT_VERSION = 1;
				DEVELOPMENT_TEAM = C3ZDRNN77Q;
				GENERATE_INFOPLIST_FILE = YES;
				IPHONEOS_DEPLOYMENT_TARGET = 16.4;
				MARKETING_VERSION = 1.0;
				PRODUCT_BUNDLE_IDENTIFIER = com.kylejohnson.TheMovieDBTests;
				PRODUCT_NAME = "$(TARGET_NAME)";
				SWIFT_EMIT_LOC_STRINGS = NO;
				SWIFT_VERSION = 5.0;
				TARGETED_DEVICE_FAMILY = "1,2";
				TEST_HOST = "$(BUILT_PRODUCTS_DIR)/TheMovieDB.app/$(BUNDLE_EXECUTABLE_FOLDER_PATH)/TheMovieDB";
			};
			name = Release;
		};
		8F54F87A2A5C68CF00F4B1CB /* Debug */ = {
			isa = XCBuildConfiguration;
			buildSettings = {
				ALWAYS_EMBED_SWIFT_STANDARD_LIBRARIES = YES;
				CODE_SIGN_STYLE = Automatic;
				CURRENT_PROJECT_VERSION = 1;
				DEVELOPMENT_TEAM = C3ZDRNN77Q;
				GENERATE_INFOPLIST_FILE = YES;
				MARKETING_VERSION = 1.0;
				PRODUCT_BUNDLE_IDENTIFIER = com.kylejohnson.TheMovieDBUITests;
				PRODUCT_NAME = "$(TARGET_NAME)";
				SWIFT_EMIT_LOC_STRINGS = NO;
				SWIFT_VERSION = 5.0;
				TARGETED_DEVICE_FAMILY = "1,2";
				TEST_TARGET_NAME = TheMovieDB;
			};
			name = Debug;
		};
		8F54F87B2A5C68CF00F4B1CB /* Release */ = {
			isa = XCBuildConfiguration;
			buildSettings = {
				ALWAYS_EMBED_SWIFT_STANDARD_LIBRARIES = YES;
				CODE_SIGN_STYLE = Automatic;
				CURRENT_PROJECT_VERSION = 1;
				DEVELOPMENT_TEAM = C3ZDRNN77Q;
				GENERATE_INFOPLIST_FILE = YES;
				MARKETING_VERSION = 1.0;
				PRODUCT_BUNDLE_IDENTIFIER = com.kylejohnson.TheMovieDBUITests;
				PRODUCT_NAME = "$(TARGET_NAME)";
				SWIFT_EMIT_LOC_STRINGS = NO;
				SWIFT_VERSION = 5.0;
				TARGETED_DEVICE_FAMILY = "1,2";
				TEST_TARGET_NAME = TheMovieDB;
			};
			name = Release;
		};
/* End XCBuildConfiguration section */

/* Begin XCConfigurationList section */
		8F54F8442A5C68CE00F4B1CB /* Build configuration list for PBXProject "TheMovieDB" */ = {
			isa = XCConfigurationList;
			buildConfigurations = (
				8F54F8712A5C68CF00F4B1CB /* Debug */,
				8F54F8722A5C68CF00F4B1CB /* Release */,
			);
			defaultConfigurationIsVisible = 0;
			defaultConfigurationName = Release;
		};
		8F54F8732A5C68CF00F4B1CB /* Build configuration list for PBXNativeTarget "TheMovieDB" */ = {
			isa = XCConfigurationList;
			buildConfigurations = (
				8F54F8742A5C68CF00F4B1CB /* Debug */,
				8F54F8752A5C68CF00F4B1CB /* Release */,
			);
			defaultConfigurationIsVisible = 0;
			defaultConfigurationName = Release;
		};
		8F54F8762A5C68CF00F4B1CB /* Build configuration list for PBXNativeTarget "TheMovieDBTests" */ = {
			isa = XCConfigurationList;
			buildConfigurations = (
				8F54F8772A5C68CF00F4B1CB /* Debug */,
				8F54F8782A5C68CF00F4B1CB /* Release */,
			);
			defaultConfigurationIsVisible = 0;
			defaultConfigurationName = Release;
		};
		8F54F8792A5C68CF00F4B1CB /* Build configuration list for PBXNativeTarget "TheMovieDBUITests" */ = {
			isa = XCConfigurationList;
			buildConfigurations = (
				8F54F87A2A5C68CF00F4B1CB /* Debug */,
				8F54F87B2A5C68CF00F4B1CB /* Release */,
			);
			defaultConfigurationIsVisible = 0;
			defaultConfigurationName = Release;
		};
/* End XCConfigurationList section */
	};
	rootObject = 8F54F8412A5C68CE00F4B1CB /* Project object */;
}
